[root]
name = "speroc"
version = "0.1.0"
dependencies = [
 "oak 0.4.1 (registry+https://github.com/rust-lang/crates.io-index)",
 "oak_runtime 0.4.0 (registry+https://github.com/rust-lang/crates.io-index)",
]

[[package]]
name = "oak"
version = "0.4.1"
source = "registry+https://github.com/rust-lang/crates.io-index"

[[package]]
name = "oak_runtime"
version = "0.4.0"
source = "registry+https://github.com/rust-lang/crates.io-index"

[metadata]
"checksum oak 0.4.1 (registry+https://github.com/rust-lang/crates.io-index)" = "9e9d5d0558ff01597a1809f0f4ee92a76fed53c84ee24ce2c21d46efba647225"
"checksum oak_runtime 0.4.0 (registry+https://github.com/rust-lang/crates.io-index)" = "f916d1e769208c04f0d6881b0cae15f04096559d0596bca5bedcbf4951d39f0d"
