<?xml version="1.0" encoding="utf-8"?>
<Project ToolsVersion="4.0" xmlns="http://schemas.microsoft.com/developer/msbuild/2003">
  <ItemGroup>
    <Filter Include="Source Files">
      <UniqueIdentifier>{4FC737F1-C7A5-4376-A066-2A32D752A2FF}</UniqueIdentifier>
      <Extensions>cpp;c;cc;cxx;def;odl;idl;hpj;bat;asm;asmx</Extensions>
    </Filter>
    <Filter Include="Header Files">
      <UniqueIdentifier>{93995380-89BD-4b04-88EB-625FBE52EBFB}</UniqueIdentifier>
      <Extensions>h;hh;hpp;hxx;hm;inl;inc;xsd</Extensions>
    </Filter>
    <Filter Include="Resource Files">
      <UniqueIdentifier>{67DA6AB6-F800-4c08-8B7A-83BB121AAD01}</UniqueIdentifier>
      <Extensions>rc;ico;cur;bmp;dlg;rc2;rct;bin;rgs;gif;jpg;jpeg;jpe;resx;tiff;tif;png;wav;mfcribbon-ms</Extensions>
    </Filter>
    <Filter Include="Header Files\parser">
      <UniqueIdentifier>{ee331ba1-3129-4fc0-bf3c-5a135de94c1e}</UniqueIdentifier>
    </Filter>
    <Filter Include="Header Files\utils">
      <UniqueIdentifier>{c4f25476-3d6e-4bb0-924f-b27776952f6a}</UniqueIdentifier>
    </Filter>
    <Filter Include="Header Files\codegen">
      <UniqueIdentifier>{4f8af7c7-fd55-477c-b049-b63289dc4cba}</UniqueIdentifier>
    </Filter>
    <Filter Include="Header Files\interface">
      <UniqueIdentifier>{dcc9221b-6b30-4bf5-a6c9-2e9f9fe6bfba}</UniqueIdentifier>
    </Filter>
    <Filter Include="Source Files\codegen">
      <UniqueIdentifier>{d6e02f0b-5f06-44f7-9aeb-c590e8ea0495}</UniqueIdentifier>
    </Filter>
    <Filter Include="Source Files\parser">
      <UniqueIdentifier>{de70d3d5-d595-451e-b995-c97f445877df}</UniqueIdentifier>
    </Filter>
    <Filter Include="Source Files\interface">
      <UniqueIdentifier>{f5f2743f-ebed-4e1f-8d73-3a9d97e31089}</UniqueIdentifier>
    </Filter>
    <Filter Include="Resource Files\legal">
      <UniqueIdentifier>{2d930373-c4b6-44d6-83f8-f5950cc28caf}</UniqueIdentifier>
    </Filter>
    <Filter Include="Resource Files\test runner">
      <UniqueIdentifier>{a0c69425-e216-45f4-8a4f-3abe4c23b937}</UniqueIdentifier>
    </Filter>
    <Filter Include="Resource Files\test runner\default">
      <UniqueIdentifier>{5c7994ce-bd01-4a14-a901-5bbbff2d44a7}</UniqueIdentifier>
    </Filter>
    <Filter Include="Resource Files\test runner\default\files">
      <UniqueIdentifier>{767c345a-27cc-4fb0-9bba-acd2dd7c147b}</UniqueIdentifier>
    </Filter>
    <Filter Include="Resource Files\tools">
      <UniqueIdentifier>{f3c773b5-7ea3-4d25-814b-5914433a75a8}</UniqueIdentifier>
    </Filter>
    <Filter Include="Dependencies">
      <UniqueIdentifier>{7f87fe7f-be7f-4883-b4eb-d66713626b4a}</UniqueIdentifier>
    </Filter>
    <Filter Include="Dependencies\interpreter">
      <UniqueIdentifier>{3f025008-e431-4bb0-8446-6648dd29c845}</UniqueIdentifier>
    </Filter>
    <Filter Include="Dependencies\spdlog">
      <UniqueIdentifier>{159d202d-da3c-4515-9b20-d8209b960744}</UniqueIdentifier>
    </Filter>
    <Filter Include="Dependencies\pegtl">
      <UniqueIdentifier>{68f5918b-ab86-45b5-b814-f54237f4793b}</UniqueIdentifier>
    </Filter>
    <Filter Include="Dependencies\better-enums">
      <UniqueIdentifier>{1b14aff9-2cff-4b28-a560-e95e0a5c99a8}</UniqueIdentifier>
    </Filter>
    <Filter Include="Dependencies\cxxopts">
      <UniqueIdentifier>{32f86b4a-ea03-4b88-b654-b003fefccf5b}</UniqueIdentifier>
    </Filter>
    <Filter Include="Dependencies\signals">
      <UniqueIdentifier>{6750b123-f465-4778-894c-d399422414a8}</UniqueIdentifier>
    </Filter>
    <Filter Include="Resource Files\description">
      <UniqueIdentifier>{778811aa-8bdd-4bf4-b295-03031f242a15}</UniqueIdentifier>
    </Filter>
    <Filter Include="Source Files\analysis">
      <UniqueIdentifier>{62a189b9-e20d-4244-a99d-d6a28caa6b94}</UniqueIdentifier>
    </Filter>
    <Filter Include="Header Files\analysis">
      <UniqueIdentifier>{daa34b15-6e57-40ce-9dac-0d2ec3de8228}</UniqueIdentifier>
    </Filter>
    <Filter Include="Source Files\utils">
      <UniqueIdentifier>{f3a3ef81-0efc-4066-bf73-28857546ae59}</UniqueIdentifier>
    </Filter>
    <Filter Include="Dependencies\asmjit">
      <UniqueIdentifier>{b804f597-b0e7-49c0-b4f6-7e76704a0dd2}</UniqueIdentifier>
    </Filter>
    <Filter Include="Dependencies\asmjit\arm">
      <UniqueIdentifier>{bb559c15-5f00-4b6a-8bd8-120aea170a4a}</UniqueIdentifier>
    </Filter>
    <Filter Include="Dependencies\asmjit\core">
      <UniqueIdentifier>{8b2681a3-e0f1-45c7-a064-04664e960479}</UniqueIdentifier>
    </Filter>
    <Filter Include="Dependencies\asmjit\x86">
      <UniqueIdentifier>{c11ea134-5091-4ca5-91d8-ce3e38da0468}</UniqueIdentifier>
    </Filter>
    <Filter Include="Dependencies\spdlog\details">
      <UniqueIdentifier>{950483e3-3512-4de7-96ba-e044ce4599ba}</UniqueIdentifier>
    </Filter>
    <Filter Include="Dependencies\spdlog\fmt">
      <UniqueIdentifier>{850a6468-f5d6-4ae0-b7f9-06181e208e75}</UniqueIdentifier>
    </Filter>
    <Filter Include="Dependencies\spdlog\sinks">
      <UniqueIdentifier>{c55c9493-f630-4092-a291-eb0ece8e83d4}</UniqueIdentifier>
    </Filter>
    <Filter Include="Dependencies\spdlog\fmt\bundled">
      <UniqueIdentifier>{b5c3c9cf-532e-402a-82ac-0ec6f0bdddb9}</UniqueIdentifier>
    </Filter>
  </ItemGroup>
  <ItemGroup>
    <ClCompile Include="main.cpp" />
    <ClCompile Include="src\ast.cpp">
      <Filter>Source Files\parser</Filter>
    </ClCompile>
    <ClCompile Include="src\cmd_line.cpp">
      <Filter>Source Files\interface</Filter>
    </ClCompile>
    <ClCompile Include="src\CompilationState.cpp">
      <Filter>Source Files\interface</Filter>
    </ClCompile>
    <ClCompile Include="src\AsmGenerator.cpp">
      <Filter>Source Files\codegen</Filter>
    </ClCompile>
    <ClCompile Include="src\SymTable.cpp">
      <Filter>Source Files\analysis</Filter>
    </ClCompile>
    <ClCompile Include="src\compilation.cpp">
      <Filter>Source Files</Filter>
    </ClCompile>
    <ClCompile Include="src\strings.cpp">
      <Filter>Source Files\utils</Filter>
    </ClCompile>
    <ClCompile Include="dep\asmjit\src\asmjit\x86\x86assembler.cpp">
      <Filter>Dependencies\asmjit\x86</Filter>
    </ClCompile>
    <ClCompile Include="dep\asmjit\src\asmjit\x86\x86builder.cpp">
      <Filter>Dependencies\asmjit\x86</Filter>
    </ClCompile>
    <ClCompile Include="dep\asmjit\src\asmjit\x86\x86callconv.cpp">
      <Filter>Dependencies\asmjit\x86</Filter>
    </ClCompile>
    <ClCompile Include="dep\asmjit\src\asmjit\x86\x86compiler.cpp">
      <Filter>Dependencies\asmjit\x86</Filter>
    </ClCompile>
    <ClCompile Include="dep\asmjit\src\asmjit\x86\x86features.cpp">
      <Filter>Dependencies\asmjit\x86</Filter>
    </ClCompile>
    <ClCompile Include="dep\asmjit\src\asmjit\x86\x86instdb.cpp">
      <Filter>Dependencies\asmjit\x86</Filter>
    </ClCompile>
    <ClCompile Include="dep\asmjit\src\asmjit\x86\x86internal.cpp">
      <Filter>Dependencies\asmjit\x86</Filter>
    </ClCompile>
    <ClCompile Include="dep\asmjit\src\asmjit\x86\x86logging.cpp">
      <Filter>Dependencies\asmjit\x86</Filter>
    </ClCompile>
    <ClCompile Include="dep\asmjit\src\asmjit\x86\x86operand.cpp">
      <Filter>Dependencies\asmjit\x86</Filter>
    </ClCompile>
    <ClCompile Include="dep\asmjit\src\asmjit\x86\x86rapass.cpp">
      <Filter>Dependencies\asmjit\x86</Filter>
    </ClCompile>
    <ClCompile Include="dep\asmjit\src\asmjit\x86\x86ssetoavx.cpp">
      <Filter>Dependencies\asmjit\x86</Filter>
    </ClCompile>
    <ClCompile Include="dep\asmjit\src\asmjit\core\algorithm.cpp">
      <Filter>Dependencies\asmjit\core</Filter>
    </ClCompile>
    <ClCompile Include="dep\asmjit\src\asmjit\core\arch.cpp">
      <Filter>Dependencies\asmjit\core</Filter>
    </ClCompile>
    <ClCompile Include="dep\asmjit\src\asmjit\core\assembler.cpp">
      <Filter>Dependencies\asmjit\core</Filter>
    </ClCompile>
    <ClCompile Include="dep\asmjit\src\asmjit\core\builder.cpp">
      <Filter>Dependencies\asmjit\core</Filter>
    </ClCompile>
    <ClCompile Include="dep\asmjit\src\asmjit\core\callconv.cpp">
      <Filter>Dependencies\asmjit\core</Filter>
    </ClCompile>
    <ClCompile Include="dep\asmjit\src\asmjit\core\codeholder.cpp">
      <Filter>Dependencies\asmjit\core</Filter>
    </ClCompile>
    <ClCompile Include="dep\asmjit\src\asmjit\core\compiler.cpp">
      <Filter>Dependencies\asmjit\core</Filter>
    </ClCompile>
    <ClCompile Include="dep\asmjit\src\asmjit\core\constpool.cpp">
      <Filter>Dependencies\asmjit\core</Filter>
    </ClCompile>
    <ClCompile Include="dep\asmjit\src\asmjit\core\cpuinfo.cpp">
      <Filter>Dependencies\asmjit\core</Filter>
    </ClCompile>
    <ClCompile Include="dep\asmjit\src\asmjit\core\emitter.cpp">
      <Filter>Dependencies\asmjit\core</Filter>
    </ClCompile>
    <ClCompile Include="dep\asmjit\src\asmjit\core\func.cpp">
      <Filter>Dependencies\asmjit\core</Filter>
    </ClCompile>
    <ClCompile Include="dep\asmjit\src\asmjit\core\globals.cpp">
      <Filter>Dependencies\asmjit\core</Filter>
    </ClCompile>
    <ClCompile Include="dep\asmjit\src\asmjit\core\inst.cpp">
      <Filter>Dependencies\asmjit\core</Filter>
    </ClCompile>
    <ClCompile Include="dep\asmjit\src\asmjit\core\intutils.cpp">
      <Filter>Dependencies\asmjit\core</Filter>
    </ClCompile>
    <ClCompile Include="dep\asmjit\src\asmjit\core\jitallocator.cpp">
      <Filter>Dependencies\asmjit\core</Filter>
    </ClCompile>
    <ClCompile Include="dep\asmjit\src\asmjit\core\jitruntime.cpp">
      <Filter>Dependencies\asmjit\core</Filter>
    </ClCompile>
    <ClCompile Include="dep\asmjit\src\asmjit\core\jitutils.cpp">
      <Filter>Dependencies\asmjit\core</Filter>
    </ClCompile>
    <ClCompile Include="dep\asmjit\src\asmjit\core\logging.cpp">
      <Filter>Dependencies\asmjit\core</Filter>
    </ClCompile>
    <ClCompile Include="dep\asmjit\src\asmjit\core\memutils.cpp">
      <Filter>Dependencies\asmjit\core</Filter>
    </ClCompile>
    <ClCompile Include="dep\asmjit\src\asmjit\core\operand.cpp">
      <Filter>Dependencies\asmjit\core</Filter>
    </ClCompile>
    <ClCompile Include="dep\asmjit\src\asmjit\core\osutils.cpp">
      <Filter>Dependencies\asmjit\core</Filter>
    </ClCompile>
    <ClCompile Include="dep\asmjit\src\asmjit\core\ralocal.cpp">
      <Filter>Dependencies\asmjit\core</Filter>
    </ClCompile>
    <ClCompile Include="dep\asmjit\src\asmjit\core\rapass.cpp">
      <Filter>Dependencies\asmjit\core</Filter>
    </ClCompile>
    <ClCompile Include="dep\asmjit\src\asmjit\core\rastack.cpp">
      <Filter>Dependencies\asmjit\core</Filter>
    </ClCompile>
    <ClCompile Include="dep\asmjit\src\asmjit\core\stringbuilder.cpp">
      <Filter>Dependencies\asmjit\core</Filter>
    </ClCompile>
    <ClCompile Include="dep\asmjit\src\asmjit\core\target.cpp">
      <Filter>Dependencies\asmjit\core</Filter>
    </ClCompile>
    <ClCompile Include="dep\asmjit\src\asmjit\core\type.cpp">
      <Filter>Dependencies\asmjit\core</Filter>
    </ClCompile>
    <ClCompile Include="dep\asmjit\src\asmjit\core\zone.cpp">
      <Filter>Dependencies\asmjit\core</Filter>
    </ClCompile>
    <ClCompile Include="dep\asmjit\src\asmjit\core\zonehash.cpp">
      <Filter>Dependencies\asmjit\core</Filter>
    </ClCompile>
    <ClCompile Include="dep\asmjit\src\asmjit\core\zonelist.cpp">
      <Filter>Dependencies\asmjit\core</Filter>
    </ClCompile>
    <ClCompile Include="dep\asmjit\src\asmjit\core\zonerbtree.cpp">
      <Filter>Dependencies\asmjit\core</Filter>
    </ClCompile>
    <ClCompile Include="dep\asmjit\src\asmjit\core\zonestack.cpp">
      <Filter>Dependencies\asmjit\core</Filter>
    </ClCompile>
    <ClCompile Include="dep\asmjit\src\asmjit\core\zonevector.cpp">
      <Filter>Dependencies\asmjit\core</Filter>
    </ClCompile>
    <ClCompile Include="dep\asmjit\src\asmjit\arm\armassembler.cpp">
      <Filter>Dependencies\asmjit\arm</Filter>
    </ClCompile>
    <ClCompile Include="dep\asmjit\src\asmjit\arm\armbuilder.cpp">
      <Filter>Dependencies\asmjit\arm</Filter>
    </ClCompile>
    <ClCompile Include="dep\asmjit\src\asmjit\arm\armcallconv.cpp">
      <Filter>Dependencies\asmjit\arm</Filter>
    </ClCompile>
    <ClCompile Include="dep\asmjit\src\asmjit\arm\armcompiler.cpp">
      <Filter>Dependencies\asmjit\arm</Filter>
    </ClCompile>
    <ClCompile Include="dep\asmjit\src\asmjit\arm\armfeatures.cpp">
      <Filter>Dependencies\asmjit\arm</Filter>
    </ClCompile>
    <ClCompile Include="dep\asmjit\src\asmjit\arm\arminstdb.cpp">
      <Filter>Dependencies\asmjit\arm</Filter>
    </ClCompile>
    <ClCompile Include="dep\asmjit\src\asmjit\arm\arminternal.cpp">
      <Filter>Dependencies\asmjit\arm</Filter>
    </ClCompile>
    <ClCompile Include="dep\asmjit\src\asmjit\arm\armlogging.cpp">
      <Filter>Dependencies\asmjit\arm</Filter>
    </ClCompile>
    <ClCompile Include="dep\asmjit\src\asmjit\arm\armoperand.cpp">
      <Filter>Dependencies\asmjit\arm</Filter>
    </ClCompile>
    <ClCompile Include="dep\asmjit\src\asmjit\arm\armrapass.cpp">
      <Filter>Dependencies\asmjit\arm</Filter>
    </ClCompile>
    <ClCompile Include="src\asmjit.cpp">
      <Filter>Source Files\utils</Filter>
    </ClCompile>
    <ClCompile Include="src\VarDeclPass.cpp">
      <Filter>Source Files\analysis</Filter>
    </ClCompile>
  </ItemGroup>
  <ItemGroup>
    <None Include="LICENSE">
      <Filter>Resource Files\legal</Filter>
    </None>
    <None Include="_test\tests.yaml">
      <Filter>Resource Files\test runner\default</Filter>
    </None>
    <None Include="_test\variables.spr">
      <Filter>Resource Files\test runner\default\files</Filter>
    </None>
    <None Include="_test\add.spr">
      <Filter>Resource Files\test runner\default\files</Filter>
    </None>
    <None Include="_test\bool.spr">
      <Filter>Resource Files\test runner\default\files</Filter>
    </None>
    <None Include="_test\error.spr">
      <Filter>Resource Files\test runner\default\files</Filter>
    </None>
    <None Include="_test\fail_type.spr">
      <Filter>Resource Files\test runner\default\files</Filter>
    </None>
    <None Include="_test\first.spr">
      <Filter>Resource Files\test runner\default\files</Filter>
    </None>
    <None Include="_test\func.spr">
      <Filter>Resource Files\test runner\default\files</Filter>
    </None>
    <None Include="_test\func_after.spr">
      <Filter>Resource Files\test runner\default\files</Filter>
    </None>
    <None Include="_test\func_pointless.spr">
      <Filter>Resource Files\test runner\default\files</Filter>
    </None>
    <None Include="_test\func_type_err.spr">
      <Filter>Resource Files\test runner\default\files</Filter>
    </None>
    <None Include="_test\mut_fail.spr">
      <Filter>Resource Files\test runner\default\files</Filter>
    </None>
    <None Include="_test\mut_succ.spr">
      <Filter>Resource Files\test runner\default\files</Filter>
    </None>
    <None Include="_test\orderOfOperations.spr">
      <Filter>Resource Files\test runner\default\files</Filter>
    </None>
    <None Include="_test\var_ops.spr">
      <Filter>Resource Files\test runner\default\files</Filter>
    </None>
    <None Include="x86_inter\src\emu.rs">
      <Filter>Dependencies\interpreter</Filter>
    </None>
    <None Include="x86_inter\src\inter.rs">
      <Filter>Dependencies\interpreter</Filter>
    </None>
    <None Include="x86_inter\src\lib.rs">
      <Filter>Dependencies\interpreter</Filter>
    </None>
    <None Include="x86_inter\src\main.rs">
      <Filter>Dependencies\interpreter</Filter>
    </None>
    <None Include="x86_inter\src\parse.rs">
      <Filter>Dependencies\interpreter</Filter>
    </None>
    <None Include="x86_inter\src\view.rs">
      <Filter>Dependencies\interpreter</Filter>
    </None>
    <None Include="x86_inter\src\x86.rs">
      <Filter>Dependencies\interpreter</Filter>
    </None>
    <None Include="x86_inter\src\ximpl.rs">
      <Filter>Dependencies\interpreter</Filter>
    </None>
    <None Include="tools\test.rb">
      <Filter>Resource Files\test runner</Filter>
    </None>
    <None Include="tools\mk_readme.rb">
      <Filter>Resource Files\tools</Filter>
    </None>
    <None Include="tools\utils.rb">
      <Filter>Resource Files\tools</Filter>
    </None>
    <None Include="README.md">
      <Filter>Resource Files\description</Filter>
    </None>
    <None Include="docs\_readme.md">
      <Filter>Resource Files\description</Filter>
    </None>
    <None Include="docs\version.yaml">
      <Filter>Resource Files\description</Filter>
    </None>
    <None Include="dep\asmjit\src\asmjit\core\builder.h~RFb4bd2609.TMP">
      <Filter>Dependencies\asmjit\core</Filter>
    </None>
  </ItemGroup>
  <ItemGroup>
    <Text Include="docs\_dev_plan.txt">
      <Filter>Resource Files</Filter>
    </Text>
    <Text Include="docs\_plan.txt">
      <Filter>Resource Files</Filter>
    </Text>
    <Text Include="docs\_todo.txt">
      <Filter>Resource Files</Filter>
    </Text>
  </ItemGroup>
  <ItemGroup>
    <ClInclude Include="incl\parser\ast.h">
      <Filter>Header Files\parser</Filter>
    </ClInclude>
    <ClInclude Include="incl\codegen\AsmGenerator.h">
      <Filter>Header Files\codegen</Filter>
    </ClInclude>
    <ClInclude Include="incl\parser\actions.h">
      <Filter>Header Files\parser</Filter>
    </ClInclude>
    <ClInclude Include="incl\parser\grammar.h">
      <Filter>Header Files\parser</Filter>
    </ClInclude>
    <ClInclude Include="incl\util\parser.h">
      <Filter>Header Files\utils</Filter>
    </ClInclude>
    <ClInclude Include="incl\analysis\SymTable.h">
      <Filter>Header Files\analysis</Filter>
    </ClInclude>
    <ClInclude Include="incl\interface\cmd_line.h">
      <Filter>Header Files\interface</Filter>
    </ClInclude>
    <ClInclude Include="incl\interface\CompilationState.h">
      <Filter>Header Files\interface</Filter>
    </ClInclude>
    <ClInclude Include="incl\parser\base.h">
      <Filter>Header Files\parser</Filter>
    </ClInclude>
    <ClInclude Include="incl\util\strings.h">
      <Filter>Header Files\utils</Filter>
    </ClInclude>
    <ClInclude Include="incl\parser\location.h">
      <Filter>Header Files\parser</Filter>
    </ClInclude>
    <ClInclude Include="dep\better-enums\enum.h">
      <Filter>Dependencies\better-enums</Filter>
    </ClInclude>
    <ClInclude Include="dep\cxxopts\include\cxxopts.hpp">
      <Filter>Dependencies\cxxopts</Filter>
    </ClInclude>
    <ClInclude Include="incl\util\utils.h">
      <Filter>Header Files\utils</Filter>
    </ClInclude>
    <ClInclude Include="incl\util\asmjit.h">
      <Filter>Header Files\utils</Filter>
    </ClInclude>
    <ClInclude Include="incl\compilation.h">
      <Filter>Header Files</Filter>
    </ClInclude>
    <ClInclude Include="dep\asmjit\src\asmjit\arm.h">
      <Filter>Dependencies\asmjit</Filter>
    </ClInclude>
    <ClInclude Include="dep\asmjit\src\asmjit\asmjit.h">
      <Filter>Dependencies\asmjit</Filter>
    </ClInclude>
    <ClInclude Include="dep\asmjit\src\asmjit\core.h">
      <Filter>Dependencies\asmjit</Filter>
    </ClInclude>
    <ClInclude Include="dep\asmjit\src\asmjit\x86.h">
      <Filter>Dependencies\asmjit</Filter>
    </ClInclude>
    <ClInclude Include="dep\asmjit\src\asmjit\x86\x86assembler.h">
      <Filter>Dependencies\asmjit\x86</Filter>
    </ClInclude>
    <ClInclude Include="dep\asmjit\src\asmjit\x86\x86builder.h">
      <Filter>Dependencies\asmjit\x86</Filter>
    </ClInclude>
    <ClInclude Include="dep\asmjit\src\asmjit\x86\x86callconv_p.h">
      <Filter>Dependencies\asmjit\x86</Filter>
    </ClInclude>
    <ClInclude Include="dep\asmjit\src\asmjit\x86\x86compiler.h">
      <Filter>Dependencies\asmjit\x86</Filter>
    </ClInclude>
    <ClInclude Include="dep\asmjit\src\asmjit\x86\x86emitter.h">
      <Filter>Dependencies\asmjit\x86</Filter>
    </ClInclude>
    <ClInclude Include="dep\asmjit\src\asmjit\x86\x86features.h">
      <Filter>Dependencies\asmjit\x86</Filter>
    </ClInclude>
    <ClInclude Include="dep\asmjit\src\asmjit\x86\x86globals.h">
      <Filter>Dependencies\asmjit\x86</Filter>
    </ClInclude>
    <ClInclude Include="dep\asmjit\src\asmjit\x86\x86instdb.h">
      <Filter>Dependencies\asmjit\x86</Filter>
    </ClInclude>
    <ClInclude Include="dep\asmjit\src\asmjit\x86\x86internal_p.h">
      <Filter>Dependencies\asmjit\x86</Filter>
    </ClInclude>
    <ClInclude Include="dep\asmjit\src\asmjit\x86\x86logging_p.h">
      <Filter>Dependencies\asmjit\x86</Filter>
    </ClInclude>
    <ClInclude Include="dep\asmjit\src\asmjit\x86\x86opcode_p.h">
      <Filter>Dependencies\asmjit\x86</Filter>
    </ClInclude>
    <ClInclude Include="dep\asmjit\src\asmjit\x86\x86operand.h">
      <Filter>Dependencies\asmjit\x86</Filter>
    </ClInclude>
    <ClInclude Include="dep\asmjit\src\asmjit\x86\x86rapass_p.h">
      <Filter>Dependencies\asmjit\x86</Filter>
    </ClInclude>
    <ClInclude Include="dep\asmjit\src\asmjit\x86\x86ssetoavx_p.h">
      <Filter>Dependencies\asmjit\x86</Filter>
    </ClInclude>
    <ClInclude Include="dep\asmjit\src\asmjit\core\algorithm.h">
      <Filter>Dependencies\asmjit\core</Filter>
    </ClInclude>
    <ClInclude Include="dep\asmjit\src\asmjit\core\arch.h">
      <Filter>Dependencies\asmjit\core</Filter>
    </ClInclude>
    <ClInclude Include="dep\asmjit\src\asmjit\core\assembler.h">
      <Filter>Dependencies\asmjit\core</Filter>
    </ClInclude>
    <ClInclude Include="dep\asmjit\src\asmjit\core\build.h">
      <Filter>Dependencies\asmjit\core</Filter>
    </ClInclude>
    <ClInclude Include="dep\asmjit\src\asmjit\core\builder.h">
      <Filter>Dependencies\asmjit\core</Filter>
    </ClInclude>
    <ClInclude Include="dep\asmjit\src\asmjit\core\callconv.h">
      <Filter>Dependencies\asmjit\core</Filter>
    </ClInclude>
    <ClInclude Include="dep\asmjit\src\asmjit\core\codeholder.h">
      <Filter>Dependencies\asmjit\core</Filter>
    </ClInclude>
    <ClInclude Include="dep\asmjit\src\asmjit\core\compiler.h">
      <Filter>Dependencies\asmjit\core</Filter>
    </ClInclude>
    <ClInclude Include="dep\asmjit\src\asmjit\core\constpool.h">
      <Filter>Dependencies\asmjit\core</Filter>
    </ClInclude>
    <ClInclude Include="dep\asmjit\src\asmjit\core\cpuinfo.h">
      <Filter>Dependencies\asmjit\core</Filter>
    </ClInclude>
    <ClInclude Include="dep\asmjit\src\asmjit\core\emitter.h">
      <Filter>Dependencies\asmjit\core</Filter>
    </ClInclude>
    <ClInclude Include="dep\asmjit\src\asmjit\core\features.h">
      <Filter>Dependencies\asmjit\core</Filter>
    </ClInclude>
    <ClInclude Include="dep\asmjit\src\asmjit\core\func.h">
      <Filter>Dependencies\asmjit\core</Filter>
    </ClInclude>
    <ClInclude Include="dep\asmjit\src\asmjit\core\globals.h">
      <Filter>Dependencies\asmjit\core</Filter>
    </ClInclude>
    <ClInclude Include="dep\asmjit\src\asmjit\core\inst.h">
      <Filter>Dependencies\asmjit\core</Filter>
    </ClInclude>
    <ClInclude Include="dep\asmjit\src\asmjit\core\intutils.h">
      <Filter>Dependencies\asmjit\core</Filter>
    </ClInclude>
    <ClInclude Include="dep\asmjit\src\asmjit\core\jitallocator.h">
      <Filter>Dependencies\asmjit\core</Filter>
    </ClInclude>
    <ClInclude Include="dep\asmjit\src\asmjit\core\jitruntime.h">
      <Filter>Dependencies\asmjit\core</Filter>
    </ClInclude>
    <ClInclude Include="dep\asmjit\src\asmjit\core\jitutils.h">
      <Filter>Dependencies\asmjit\core</Filter>
    </ClInclude>
    <ClInclude Include="dep\asmjit\src\asmjit\core\logging.h">
      <Filter>Dependencies\asmjit\core</Filter>
    </ClInclude>
    <ClInclude Include="dep\asmjit\src\asmjit\core\memutils.h">
      <Filter>Dependencies\asmjit\core</Filter>
    </ClInclude>
    <ClInclude Include="dep\asmjit\src\asmjit\core\misc_p.h">
      <Filter>Dependencies\asmjit\core</Filter>
    </ClInclude>
    <ClInclude Include="dep\asmjit\src\asmjit\core\operand.h">
      <Filter>Dependencies\asmjit\core</Filter>
    </ClInclude>
    <ClInclude Include="dep\asmjit\src\asmjit\core\osutils.h">
      <Filter>Dependencies\asmjit\core</Filter>
    </ClInclude>
    <ClInclude Include="dep\asmjit\src\asmjit\core\raassignment_p.h">
      <Filter>Dependencies\asmjit\core</Filter>
    </ClInclude>
    <ClInclude Include="dep\asmjit\src\asmjit\core\rabuilders_p.h">
      <Filter>Dependencies\asmjit\core</Filter>
    </ClInclude>
    <ClInclude Include="dep\asmjit\src\asmjit\core\radefs_p.h">
      <Filter>Dependencies\asmjit\core</Filter>
    </ClInclude>
    <ClInclude Include="dep\asmjit\src\asmjit\core\ralocal_p.h">
      <Filter>Dependencies\asmjit\core</Filter>
    </ClInclude>
    <ClInclude Include="dep\asmjit\src\asmjit\core\rapass_p.h">
      <Filter>Dependencies\asmjit\core</Filter>
    </ClInclude>
    <ClInclude Include="dep\asmjit\src\asmjit\core\rastack_p.h">
      <Filter>Dependencies\asmjit\core</Filter>
    </ClInclude>
    <ClInclude Include="dep\asmjit\src\asmjit\core\simdtypes.h">
      <Filter>Dependencies\asmjit\core</Filter>
    </ClInclude>
    <ClInclude Include="dep\asmjit\src\asmjit\core\stringbuilder.h">
      <Filter>Dependencies\asmjit\core</Filter>
    </ClInclude>
    <ClInclude Include="dep\asmjit\src\asmjit\core\stringutils.h">
      <Filter>Dependencies\asmjit\core</Filter>
    </ClInclude>
    <ClInclude Include="dep\asmjit\src\asmjit\core\target.h">
      <Filter>Dependencies\asmjit\core</Filter>
    </ClInclude>
    <ClInclude Include="dep\asmjit\src\asmjit\core\type.h">
      <Filter>Dependencies\asmjit\core</Filter>
    </ClInclude>
    <ClInclude Include="dep\asmjit\src\asmjit\core\zone.h">
      <Filter>Dependencies\asmjit\core</Filter>
    </ClInclude>
    <ClInclude Include="dep\asmjit\src\asmjit\core\zonehash.h">
      <Filter>Dependencies\asmjit\core</Filter>
    </ClInclude>
    <ClInclude Include="dep\asmjit\src\asmjit\core\zonelist.h">
      <Filter>Dependencies\asmjit\core</Filter>
    </ClInclude>
    <ClInclude Include="dep\asmjit\src\asmjit\core\zonerbtree.h">
      <Filter>Dependencies\asmjit\core</Filter>
    </ClInclude>
    <ClInclude Include="dep\asmjit\src\asmjit\core\zonestack.h">
      <Filter>Dependencies\asmjit\core</Filter>
    </ClInclude>
    <ClInclude Include="dep\asmjit\src\asmjit\core\zonestring.h">
      <Filter>Dependencies\asmjit\core</Filter>
    </ClInclude>
    <ClInclude Include="dep\asmjit\src\asmjit\core\zonevector.h">
      <Filter>Dependencies\asmjit\core</Filter>
    </ClInclude>
    <ClInclude Include="dep\asmjit\src\asmjit\arm\armassembler.h">
      <Filter>Dependencies\asmjit\arm</Filter>
    </ClInclude>
    <ClInclude Include="dep\asmjit\src\asmjit\arm\armbuilder.h">
      <Filter>Dependencies\asmjit\arm</Filter>
    </ClInclude>
    <ClInclude Include="dep\asmjit\src\asmjit\arm\armcallconv_p.h">
      <Filter>Dependencies\asmjit\arm</Filter>
    </ClInclude>
    <ClInclude Include="dep\asmjit\src\asmjit\arm\armcompiler.h">
      <Filter>Dependencies\asmjit\arm</Filter>
    </ClInclude>
    <ClInclude Include="dep\asmjit\src\asmjit\arm\armemitter.h">
      <Filter>Dependencies\asmjit\arm</Filter>
    </ClInclude>
    <ClInclude Include="dep\asmjit\src\asmjit\arm\armfeatures.h">
      <Filter>Dependencies\asmjit\arm</Filter>
    </ClInclude>
    <ClInclude Include="dep\asmjit\src\asmjit\arm\armglobals.h">
      <Filter>Dependencies\asmjit\arm</Filter>
    </ClInclude>
    <ClInclude Include="dep\asmjit\src\asmjit\arm\arminstdb.h">
      <Filter>Dependencies\asmjit\arm</Filter>
    </ClInclude>
    <ClInclude Include="dep\asmjit\src\asmjit\arm\arminternal_p.h">
      <Filter>Dependencies\asmjit\arm</Filter>
    </ClInclude>
    <ClInclude Include="dep\asmjit\src\asmjit\arm\armlogging_p.h">
      <Filter>Dependencies\asmjit\arm</Filter>
    </ClInclude>
    <ClInclude Include="dep\asmjit\src\asmjit\arm\armoperand.h">
      <Filter>Dependencies\asmjit\arm</Filter>
    </ClInclude>
    <ClInclude Include="dep\asmjit\src\asmjit\arm\armrapass_p.h">
      <Filter>Dependencies\asmjit\arm</Filter>
    </ClInclude>
    <ClInclude Include="dep\spdlog\include\spdlog\async_logger.h">
      <Filter>Dependencies\spdlog</Filter>
    </ClInclude>
    <ClInclude Include="dep\spdlog\include\spdlog\common.h">
      <Filter>Dependencies\spdlog</Filter>
    </ClInclude>
    <ClInclude Include="dep\spdlog\include\spdlog\formatter.h">
      <Filter>Dependencies\spdlog</Filter>
    </ClInclude>
    <ClInclude Include="dep\spdlog\include\spdlog\logger.h">
      <Filter>Dependencies\spdlog</Filter>
    </ClInclude>
    <ClInclude Include="dep\spdlog\include\spdlog\spdlog.h">
      <Filter>Dependencies\spdlog</Filter>
    </ClInclude>
    <ClInclude Include="dep\spdlog\include\spdlog\tweakme.h">
      <Filter>Dependencies\spdlog</Filter>
    </ClInclude>
    <ClInclude Include="dep\spdlog\include\spdlog\details\async_log_helper.h">
      <Filter>Dependencies\spdlog\details</Filter>
    </ClInclude>
    <ClInclude Include="dep\spdlog\include\spdlog\details\async_logger_impl.h">
      <Filter>Dependencies\spdlog\details</Filter>
    </ClInclude>
    <ClInclude Include="dep\spdlog\include\spdlog\details\file_helper.h">
      <Filter>Dependencies\spdlog\details</Filter>
    </ClInclude>
    <ClInclude Include="dep\spdlog\include\spdlog\details\log_msg.h">
      <Filter>Dependencies\spdlog\details</Filter>
    </ClInclude>
    <ClInclude Include="dep\spdlog\include\spdlog\details\logger_impl.h">
      <Filter>Dependencies\spdlog\details</Filter>
    </ClInclude>
    <ClInclude Include="dep\spdlog\include\spdlog\details\mpmc_bounded_q.h">
      <Filter>Dependencies\spdlog\details</Filter>
    </ClInclude>
    <ClInclude Include="dep\spdlog\include\spdlog\details\null_mutex.h">
      <Filter>Dependencies\spdlog\details</Filter>
    </ClInclude>
    <ClInclude Include="dep\spdlog\include\spdlog\details\os.h">
      <Filter>Dependencies\spdlog\details</Filter>
    </ClInclude>
    <ClInclude Include="dep\spdlog\include\spdlog\details\pattern_formatter_impl.h">
      <Filter>Dependencies\spdlog\details</Filter>
    </ClInclude>
    <ClInclude Include="dep\spdlog\include\spdlog\details\registry.h">
      <Filter>Dependencies\spdlog\details</Filter>
    </ClInclude>
    <ClInclude Include="dep\spdlog\include\spdlog\details\spdlog_impl.h">
      <Filter>Dependencies\spdlog\details</Filter>
    </ClInclude>
    <ClInclude Include="dep\spdlog\include\spdlog\fmt\fmt.h">
      <Filter>Dependencies\spdlog\fmt</Filter>
    </ClInclude>
    <ClInclude Include="dep\spdlog\include\spdlog\fmt\ostr.h">
      <Filter>Dependencies\spdlog\fmt</Filter>
    </ClInclude>
    <ClInclude Include="dep\spdlog\include\spdlog\fmt\bundled\format.h">
      <Filter>Dependencies\spdlog\fmt\bundled</Filter>
    </ClInclude>
    <ClInclude Include="dep\spdlog\include\spdlog\fmt\bundled\ostream.h">
      <Filter>Dependencies\spdlog\fmt\bundled</Filter>
    </ClInclude>
    <ClInclude Include="dep\spdlog\include\spdlog\fmt\bundled\posix.h">
      <Filter>Dependencies\spdlog\fmt\bundled</Filter>
    </ClInclude>
    <ClInclude Include="dep\spdlog\include\spdlog\fmt\bundled\time.h">
      <Filter>Dependencies\spdlog\fmt\bundled</Filter>
    </ClInclude>
    <ClInclude Include="dep\spdlog\include\spdlog\sinks\android_sink.h">
      <Filter>Dependencies\spdlog\sinks</Filter>
    </ClInclude>
    <ClInclude Include="dep\spdlog\include\spdlog\sinks\ansicolor_sink.h">
      <Filter>Dependencies\spdlog\sinks</Filter>
    </ClInclude>
    <ClInclude Include="dep\spdlog\include\spdlog\sinks\base_sink.h">
      <Filter>Dependencies\spdlog\sinks</Filter>
    </ClInclude>
    <ClInclude Include="dep\spdlog\include\spdlog\sinks\dist_sink.h">
      <Filter>Dependencies\spdlog\sinks</Filter>
    </ClInclude>
    <ClInclude Include="dep\spdlog\include\spdlog\sinks\file_sinks.h">
      <Filter>Dependencies\spdlog\sinks</Filter>
    </ClInclude>
    <ClInclude Include="dep\spdlog\include\spdlog\sinks\msvc_sink.h">
      <Filter>Dependencies\spdlog\sinks</Filter>
    </ClInclude>
    <ClInclude Include="dep\spdlog\include\spdlog\sinks\null_sink.h">
      <Filter>Dependencies\spdlog\sinks</Filter>
    </ClInclude>
    <ClInclude Include="dep\spdlog\include\spdlog\sinks\ostream_sink.h">
      <Filter>Dependencies\spdlog\sinks</Filter>
    </ClInclude>
    <ClInclude Include="dep\spdlog\include\spdlog\sinks\sink.h">
      <Filter>Dependencies\spdlog\sinks</Filter>
    </ClInclude>
    <ClInclude Include="dep\spdlog\include\spdlog\sinks\stdout_sinks.h">
      <Filter>Dependencies\spdlog\sinks</Filter>
    </ClInclude>
    <ClInclude Include="dep\spdlog\include\spdlog\sinks\syslog_sink.h">
      <Filter>Dependencies\spdlog\sinks</Filter>
    </ClInclude>
    <ClInclude Include="dep\spdlog\include\spdlog\sinks\wincolor_sink.h">
      <Filter>Dependencies\spdlog\sinks</Filter>
    </ClInclude>
    <ClInclude Include="incl\util\ranges.h">
      <Filter>Header Files\utils</Filter>
    </ClInclude>
    <ClInclude Include="incl\parser\AstVisitor.h">
      <Filter>Header Files\parser</Filter>
    </ClInclude>
    <ClInclude Include="incl\analysis\VarDeclPass.h">
      <Filter>Header Files\analysis</Filter>
    </ClInclude>
    <ClInclude Include="incl\util\analysis.h">
      <Filter>Header Files\utils</Filter>
    </ClInclude>
  </ItemGroup>
</Project>