
Microsoft Visual Studio Solution File, Format Version 12.00
# Visual Studio 15
VisualStudioVersion = 15.0.27130.2027
MinimumVisualStudioVersion = 10.0.40219.1
Project("{8BC9CEB8-8B4A-11D0-8D11-00A0C91BC942}") = "speroc", "speroc.vcxproj", "{C3FC6EC2-EAD4-4BB8-9D26-D5A555CA6CFB}"
EndProject
Project("{8BC9CEB8-8B4A-11D0-8D11-00A0C91BC942}") = "Interpreter", "Interpreter\Interpreter.vcxproj", "{A59C8638-CE1F-4459-8A94-DEDD9F378E8C}"
EndProject
Global
	GlobalSection(SolutionConfigurationPlatforms) = preSolution
		Debug|x64 = Debug|x64
		Debug|x86 = Debug|x86
		Release|x64 = Release|x64
		Release|x86 = Release|x86
	EndGlobalSection
	GlobalSection(ProjectConfigurationPlatforms) = postSolution
		{C3FC6EC2-EAD4-4BB8-9D26-D5A555CA6CFB}.Debug|x64.ActiveCfg = Debug|x64
		{C3FC6EC2-EAD4-4BB8-9D26-D5A555CA6CFB}.Debug|x64.Build.0 = Debug|x64
		{C3FC6EC2-EAD4-4BB8-9D26-D5A555CA6CFB}.Debug|x86.ActiveCfg = Debug|Win32
		{C3FC6EC2-EAD4-4BB8-9D26-D5A555CA6CFB}.Debug|x86.Build.0 = Debug|Win32
		{C3FC6EC2-EAD4-4BB8-9D26-D5A555CA6CFB}.Release|x64.ActiveCfg = Release|x64
		{C3FC6EC2-EAD4-4BB8-9D26-D5A555CA6CFB}.Release|x64.Build.0 = Release|x64
		{C3FC6EC2-EAD4-4BB8-9D26-D5A555CA6CFB}.Release|x86.ActiveCfg = Release|Win32
		{C3FC6EC2-EAD4-4BB8-9D26-D5A555CA6CFB}.Release|x86.Build.0 = Release|Win32
		{A59C8638-CE1F-4459-8A94-DEDD9F378E8C}.Debug|x64.ActiveCfg = Debug|x64
		{A59C8638-CE1F-4459-8A94-DEDD9F378E8C}.Debug|x64.Build.0 = Debug|x64
		{A59C8638-CE1F-4459-8A94-DEDD9F378E8C}.Debug|x86.ActiveCfg = Debug|Win32
		{A59C8638-CE1F-4459-8A94-DEDD9F378E8C}.Debug|x86.Build.0 = Debug|Win32
		{A59C8638-CE1F-4459-8A94-DEDD9F378E8C}.Release|x64.ActiveCfg = Release|x64
		{A59C8638-CE1F-4459-8A94-DEDD9F378E8C}.Release|x64.Build.0 = Release|x64
		{A59C8638-CE1F-4459-8A94-DEDD9F378E8C}.Release|x86.ActiveCfg = Release|Win32
		{A59C8638-CE1F-4459-8A94-DEDD9F378E8C}.Release|x86.Build.0 = Release|Win32
	EndGlobalSection
	GlobalSection(SolutionProperties) = preSolution
		HideSolutionNode = FALSE
	EndGlobalSection
	GlobalSection(ExtensibilityGlobals) = postSolution
		SolutionGuid = {66C704E2-E97A-49F8-9F47-4A45A9B2047D}
	EndGlobalSection
EndGlobal
